
Microsoft Visual Studio Solution File, Format Version 12.00
# Visual Studio Version 18
VisualStudioVersion = 18.3.11505.172 d18.3
MinimumVisualStudioVersion = 10.0.40219.1
Project("{FAE04EC0-301F-11D3-BF4B-00C04F79EFBC}") = "SymphonyLtdMVC1", "SymphonyLtdMVC1.csproj", "{43169AE7-5D71-9A8F-BC80-50FA5BF32CC6}"
EndProject
Global
	GlobalSection(SolutionConfigurationPlatforms) = preSolution
		Debug|Any CPU = Debug|Any CPU
		Release|Any CPU = Release|Any CPU
	EndGlobalSection
	GlobalSection(ProjectConfigurationPlatforms) = postSolution
		{43169AE7-5D71-9A8F-BC80-50FA5BF32CC6}.Debug|Any CPU.ActiveCfg = Debug|Any CPU
		{43169AE7-5D71-9A8F-BC80-50FA5BF32CC6}.Debug|Any CPU.Build.0 = Debug|Any CPU
		{43169AE7-5D71-9A8F-BC80-50FA5BF32CC6}.Release|Any CPU.ActiveCfg = Release|Any CPU
		{43169AE7-5D71-9A8F-BC80-50FA5BF32CC6}.Release|Any CPU.Build.0 = Release|Any CPU
	EndGlobalSection
	GlobalSection(SolutionProperties) = preSolution
		HideSolutionNode = FALSE
	EndGlobalSection
	GlobalSection(ExtensibilityGlobals) = postSolution
		SolutionGuid = {AC5B214F-D1B5-44FB-9972-568BB99856A2}
	EndGlobalSection
EndGlobal
